{
  "name": "chnm",
  "lockfileVersion": 2,
  "requires": true,
  "packages": {
    "": {
      "dependencies": {
        "simpledotcss": "^1.0.4"
      }
    },
    "node_modules/simpledotcss": {
      "version": "1.0.4",
      "resolved": "https://registry.npmjs.org/simpledotcss/-/simpledotcss-1.0.4.tgz",
      "integrity": "sha512-TwihmvcMiUkWWgeCZRROFgTqX8zvinN7aVCiaq9a9zRxuMDiwKUzurV7Qin5xMZ+WlRhzOG4XB3ror2yj/u5Gw=="
    }
  },
  "dependencies": {
    "simpledotcss": {
      "version": "1.0.4",
      "resolved": "https://registry.npmjs.org/simpledotcss/-/simpledotcss-1.0.4.tgz",
      "integrity": "sha512-TwihmvcMiUkWWgeCZRROFgTqX8zvinN7aVCiaq9a9zRxuMDiwKUzurV7Qin5xMZ+WlRhzOG4XB3ror2yj/u5Gw=="
    }
  }
}
